
Microsoft Visual Studio Solution File, Format Version 12.00
# Visual Studio Version 17
VisualStudioVersion = 17.12.35707.178
MinimumVisualStudioVersion = 10.0.40219.1
Project("{FAE04EC0-301F-11D3-BF4B-00C04F79EFBC}") = "Domain", "Domain\Domain.csproj", "{E179EDC7-A0CD-4D4C-8EB7-839348E6A8BB}"
EndProject
Project("{FAE04EC0-301F-11D3-BF4B-00C04F79EFBC}") = "Infrastructure", "Infrastructure\Infrastructure.csproj", "{C3BF19C5-0A92-4C5A-95ED-251D406A162F}"
	ProjectSection(ProjectDependencies) = postProject
		{723CF2FD-CE17-4D10-8BE8-558ED7CCEAA5} = {723CF2FD-CE17-4D10-8BE8-558ED7CCEAA5}
		{E179EDC7-A0CD-4D4C-8EB7-839348E6A8BB} = {E179EDC7-A0CD-4D4C-8EB7-839348E6A8BB}
	EndProjectSection
EndProject
Project("{FAE04EC0-301F-11D3-BF4B-00C04F79EFBC}") = "Application", "Application\Application.csproj", "{723CF2FD-CE17-4D10-8BE8-558ED7CCEAA5}"
	ProjectSection(ProjectDependencies) = postProject
		{E179EDC7-A0CD-4D4C-8EB7-839348E6A8BB} = {E179EDC7-A0CD-4D4C-8EB7-839348E6A8BB}
	EndProjectSection
EndProject
Project("{FAE04EC0-301F-11D3-BF4B-00C04F79EFBC}") = "API", "API\API.csproj", "{27A5BB5A-027B-4A29-B95B-A96A1D19AE57}"
	ProjectSection(ProjectDependencies) = postProject
		{723CF2FD-CE17-4D10-8BE8-558ED7CCEAA5} = {723CF2FD-CE17-4D10-8BE8-558ED7CCEAA5}
		{E179EDC7-A0CD-4D4C-8EB7-839348E6A8BB} = {E179EDC7-A0CD-4D4C-8EB7-839348E6A8BB}
	EndProjectSection
EndProject
Project("{54A90642-561A-4BB1-A94E-469ADEE60C69}") = "admindashboard", "AdminDashboard\admindashboard.esproj", "{4689FCFE-25C7-4735-900D-C91270A04836}"
	ProjectSection(ProjectDependencies) = postProject
		{27A5BB5A-027B-4A29-B95B-A96A1D19AE57} = {27A5BB5A-027B-4A29-B95B-A96A1D19AE57}
	EndProjectSection
EndProject
Project("{FAE04EC0-301F-11D3-BF4B-00C04F79EFBC}") = "InfrastructureTests", "InfrastructureTests\InfrastructureTests.csproj", "{92A1C2F6-892B-4A3C-9B35-A58A1118C376}"
EndProject
Global
	GlobalSection(SolutionConfigurationPlatforms) = preSolution
		Debug|Any CPU = Debug|Any CPU
		Release|Any CPU = Release|Any CPU
	EndGlobalSection
	GlobalSection(ProjectConfigurationPlatforms) = postSolution
		{E179EDC7-A0CD-4D4C-8EB7-839348E6A8BB}.Debug|Any CPU.ActiveCfg = Debug|Any CPU
		{E179EDC7-A0CD-4D4C-8EB7-839348E6A8BB}.Debug|Any CPU.Build.0 = Debug|Any CPU
		{E179EDC7-A0CD-4D4C-8EB7-839348E6A8BB}.Release|Any CPU.ActiveCfg = Release|Any CPU
		{E179EDC7-A0CD-4D4C-8EB7-839348E6A8BB}.Release|Any CPU.Build.0 = Release|Any CPU
		{C3BF19C5-0A92-4C5A-95ED-251D406A162F}.Debug|Any CPU.ActiveCfg = Debug|Any CPU
		{C3BF19C5-0A92-4C5A-95ED-251D406A162F}.Debug|Any CPU.Build.0 = Debug|Any CPU
		{C3BF19C5-0A92-4C5A-95ED-251D406A162F}.Release|Any CPU.ActiveCfg = Release|Any CPU
		{C3BF19C5-0A92-4C5A-95ED-251D406A162F}.Release|Any CPU.Build.0 = Release|Any CPU
		{723CF2FD-CE17-4D10-8BE8-558ED7CCEAA5}.Debug|Any CPU.ActiveCfg = Debug|Any CPU
		{723CF2FD-CE17-4D10-8BE8-558ED7CCEAA5}.Debug|Any CPU.Build.0 = Debug|Any CPU
		{723CF2FD-CE17-4D10-8BE8-558ED7CCEAA5}.Release|Any CPU.ActiveCfg = Release|Any CPU
		{723CF2FD-CE17-4D10-8BE8-558ED7CCEAA5}.Release|Any CPU.Build.0 = Release|Any CPU
		{27A5BB5A-027B-4A29-B95B-A96A1D19AE57}.Debug|Any CPU.ActiveCfg = Debug|Any CPU
		{27A5BB5A-027B-4A29-B95B-A96A1D19AE57}.Debug|Any CPU.Build.0 = Debug|Any CPU
		{27A5BB5A-027B-4A29-B95B-A96A1D19AE57}.Release|Any CPU.ActiveCfg = Release|Any CPU
		{27A5BB5A-027B-4A29-B95B-A96A1D19AE57}.Release|Any CPU.Build.0 = Release|Any CPU
		{4689FCFE-25C7-4735-900D-C91270A04836}.Debug|Any CPU.ActiveCfg = Debug|Any CPU
		{4689FCFE-25C7-4735-900D-C91270A04836}.Debug|Any CPU.Build.0 = Debug|Any CPU
		{4689FCFE-25C7-4735-900D-C91270A04836}.Debug|Any CPU.Deploy.0 = Debug|Any CPU
		{4689FCFE-25C7-4735-900D-C91270A04836}.Release|Any CPU.ActiveCfg = Release|Any CPU
		{4689FCFE-25C7-4735-900D-C91270A04836}.Release|Any CPU.Build.0 = Release|Any CPU
		{4689FCFE-25C7-4735-900D-C91270A04836}.Release|Any CPU.Deploy.0 = Release|Any CPU
		{92A1C2F6-892B-4A3C-9B35-A58A1118C376}.Debug|Any CPU.ActiveCfg = Debug|Any CPU
		{92A1C2F6-892B-4A3C-9B35-A58A1118C376}.Debug|Any CPU.Build.0 = Debug|Any CPU
		{92A1C2F6-892B-4A3C-9B35-A58A1118C376}.Release|Any CPU.ActiveCfg = Release|Any CPU
		{92A1C2F6-892B-4A3C-9B35-A58A1118C376}.Release|Any CPU.Build.0 = Release|Any CPU
	EndGlobalSection
	GlobalSection(SolutionProperties) = preSolution
		HideSolutionNode = FALSE
	EndGlobalSection
EndGlobal
